{
    "_readme": [
        "This file locks the dependencies of your project to a known state",
        "Read more about it at https://getcomposer.org/doc/01-basic-usage.md#installing-dependencies",
        "This file is @generated automatically"
    ],
    "content-hash": "ccb8c0623276044fb84cbcbffaae004e",
    "packages": [
        {
            "name": "nategood/httpful",
            "version": "0.3.2",
            "source": {
                "type": "git",
                "url": "https://github.com/nategood/httpful.git",
                "reference": "0cded3ea97ba905600de9ceb9ef13f3ab681587c"
            },
            "dist": {
                "type": "zip",
                "url": "https://api.github.com/repos/nategood/httpful/zipball/0cded3ea97ba905600de9ceb9ef13f3ab681587c",
                "reference": "0cded3ea97ba905600de9ceb9ef13f3ab681587c",
                "shasum": ""
            },
            "require": {
                "ext-curl": "*",
                "php": ">=7.2"
            },
            "require-dev": {
                "phpunit/phpunit": "*"
            },
            "type": "library",
            "autoload": {
                "psr-0": {
                    "Httpful": "src/"
                }
            },
            "notification-url": "https://packagist.org/downloads/",
            "license": [
                "MIT"
            ],
            "authors": [
                {
                    "name": "Nate Good",
                    "email": "me@nategood.com",
                    "homepage": "http://nategood.com"
                }
            ],
            "description": "A Readable, Chainable, REST friendly, PHP HTTP Client",
            "homepage": "http://github.com/nategood/httpful",
            "keywords": [
                "api",
                "curl",
                "http",
                "requests",
                "rest",
                "restful"
            ],
            "support": {
                "issues": "https://github.com/nategood/httpful/issues",
                "source": "https://github.com/nategood/httpful/tree/v0.3.2"
            },
            "time": "2020-01-25T01:13:13+00:00"
        },
        {
            "name": "nlpcloud/nlpcloud-client",
            "version": "1.0.14",
            "source": {
                "type": "git",
                "url": "https://github.com/nlpcloud/nlpcloud-php.git",
                "reference": "c0b499233df6b3a8c8b8457cffaeb1e1d5eb48ca"
            },
            "dist": {
                "type": "zip",
                "url": "https://api.github.com/repos/nlpcloud/nlpcloud-php/zipball/c0b499233df6b3a8c8b8457cffaeb1e1d5eb48ca",
                "reference": "c0b499233df6b3a8c8b8457cffaeb1e1d5eb48ca",
                "shasum": ""
            },
            "require": {
                "nategood/httpful": "*",
                "php": ">=7.2"
            },
            "type": "library",
            "autoload": {
                "psr-4": {
                    "NLPCloud\\": "src/"
                }
            },
            "notification-url": "https://packagist.org/downloads/",
            "license": [
                "MIT"
            ],
            "authors": [
                {
                    "name": "Julien Salinas",
                    "email": "all@juliensalinas.com"
                }
            ],
            "description": "NLP Cloud serves high performance pre-trained or custom models for NER, sentiment-analysis, classification, summarization, text generation, question answering, machine translation, language detection, tokenization, POS tagging, and dependency parsing. It is ready for production, served through a REST API. This is the PHP client for the API. More details here: https://nlpcloud.io. Documentation: https://docs.nlpcloud.io. Github: https://github.com/nlpcloud/nlpcloud-php",
            "homepage": "http://github.com/nlpcloud/nlpcloud-php",
            "keywords": [
                "Deep learning",
                "Hugging Face",
                "api",
                "data science",
                "machine learning",
                "nlp",
                "nlpcloud",
                "spacy"
            ],
            "support": {
                "issues": "https://github.com/nlpcloud/nlpcloud-php/issues",
                "source": "https://github.com/nlpcloud/nlpcloud-php/tree/v1.0.14"
            },
            "time": "2021-08-24T13:12:34+00:00"
        }
    ],
    "packages-dev": [],
    "aliases": [],
    "minimum-stability": "stable",
    "stability-flags": [],
    "prefer-stable": false,
    "prefer-lowest": false,
    "platform": [],
    "platform-dev": [],
    "plugin-api-version": "2.0.0"
}
